{
  "name": "vector-operational-gpu-engine-candidate",
  "version": "0.1.0",
  "lockfileVersion": 3,
  "requires": true,
  "packages": {
    "": {
      "name": "vector-operational-gpu-engine-candidate",
      "version": "0.1.0",
      "dependencies": {
        "cuda-js": "https://codeload.github.com/iteathen/CUDA-JS/tar.gz/dc2924657bb900cdce3fba4c9def62934419db03",
        "cuda-js-tensor": "https://codeload.github.com/iteathen/CUDA-JS-Tensor/tar.gz/759a1a07b8ca9a5934673aeb20864e52ad800b6e",
        "cuda-mcgs": "https://codeload.github.com/iteathen/CUDA-MCGS/tar.gz/39a274ac4101c901f022ee3dfa8de741aa955f60"
      },
      "engines": {
        "node": "26.11.1"
      }
    },
    "node_modules/acorn": {
      "version": "8.15.0",
      "resolved": "https://registry.npmjs.org/acorn/-/acorn-8.15.0.tgz",
      "integrity": "sha512-NZyJarBfL7nWwIq+FDL6Zp/yHEhePMNnnJ0y3qfieCrmNvYct8uvtiV41UvlSe6apAfk0fY1FbWx+NwfmpvtTg==",
      "license": "MIT",
      "bin": {
        "acorn": "bin/acorn"
      },
      "engines": {
        "node": ">=0.4.0"
      }
    },
    "node_modules/cuda-js": {
      "version": "0.1.0-alpha.22",
      "resolved": "https://codeload.github.com/iteathen/CUDA-JS/tar.gz/dc2924657bb900cdce3fba4c9def62934419db03",
      "integrity": "sha512-Bf+BeATPM5gWX/WGBaMFuGEmVdv3nqmSzfOToB3a/i796wg42T2Ho/jlsTQbKGDJY7ZuPQ+S+NZBcjkUPH34/Q==",
      "license": "AGPL-3.0-or-later",
      "dependencies": {
        "acorn": "8.15.0"
      },
      "engines": {
        "node": ">=26.1.0"
      }
    },
    "node_modules/cuda-js-tensor": {
      "version": "0.1.0-alpha.10",
      "resolved": "https://codeload.github.com/iteathen/CUDA-JS-Tensor/tar.gz/759a1a07b8ca9a5934673aeb20864e52ad800b6e",
      "integrity": "sha512-ENpLKFKeFq0vXzwHcs4kkBD4LAxm4v2wUbwJA9TSkXfKCBSBEt2q8MDthe2E7Rg1rcAxQby5eKyR8GIGIQv/vg==",
      "license": "AGPL-3.0-or-later",
      "dependencies": {
        "cuda-js": "https://codeload.github.com/iteathen/CUDA-JS/tar.gz/dc2924657bb900cdce3fba4c9def62934419db03"
      },
      "engines": {
        "node": ">=26.1.0"
      }
    },
    "node_modules/cuda-mcgs": {
      "version": "0.0.0-dev.3",
      "resolved": "https://codeload.github.com/iteathen/CUDA-MCGS/tar.gz/39a274ac4101c901f022ee3dfa8de741aa955f60",
      "integrity": "sha512-tg6XwunYwkkbO4Aw9a8/ROgk8W0YVAIH0bJDYwJofFNuD93uumJniH+Ef59/flMCxuaF8hbzce038UfFW5FNhg==",
      "license": "AGPL-3.0-or-later",
      "engines": {
        "node": ">=24"
      }
    }
  }
}
