{
  "name": "vector-chess-domain-qualification",
  "version": "0.1.0",
  "lockfileVersion": 3,
  "requires": true,
  "packages": {
    "": {
      "name": "vector-chess-domain-qualification",
      "version": "0.1.0",
      "dependencies": {
        "chess.js": "1.4.0",
        "cuda-js": "github:iteathen/CUDA-JS#2bff226b752d3c0af8b9185274d411e5990008d4"
      }
    },
    "node_modules/acorn": {
      "version": "8.15.0",
      "resolved": "https://registry.npmjs.org/acorn/-/acorn-8.15.0.tgz",
      "integrity": "sha512-NZyJarBfL7nWwIq+FDL6Zp/yHEhePMNnnJ0y3qfieCrmNvYct8uvtiV41UvlSe6apAfk0fY1FbWx+NwfmpvtTg==",
      "license": "MIT",
      "bin": {
        "acorn": "bin/acorn"
      },
      "engines": {
        "node": ">=0.4.0"
      }
    },
    "node_modules/chess.js": {
      "version": "1.4.0",
      "resolved": "https://registry.npmjs.org/chess.js/-/chess.js-1.4.0.tgz",
      "integrity": "sha512-BBJgrrtKQOzFLonR0l+k64A98NLemPwNsCskwb+29bRwobUa4iTm51E1kwGPbWXAcfdDa18nad6vpPPKPWarqw==",
      "license": "BSD-2-Clause"
    },
    "node_modules/cuda-js": {
      "version": "0.1.0-alpha.21",
      "resolved": "git+ssh://git@github.com/iteathen/CUDA-JS.git#2bff226b752d3c0af8b9185274d411e5990008d4",
      "integrity": "sha512-2du8NKsPzzJXPH4ixmoxqhFwfZopNH5ND6iBlc6aQqVTKX2LEGcE/r8x/0MbQwYGU6pEe4HY9YoTioZSxIHWkw==",
      "license": "AGPL-3.0-or-later",
      "dependencies": {
        "acorn": "8.15.0"
      },
      "engines": {
        "node": ">=26.1.0"
      }
    }
  }
}
